
Microsoft Visual Studio Solution File, Format Version 12.00
# Visual Studio 14
VisualStudioVersion = 14.0.23107.0
MinimumVisualStudioVersion = 10.0.40219.1
Project("{E24C65DC-7377-472B-9ABA-BC803B73C61A}") = "JS-SPA-ToDo", ".", "{64CD0409-2657-4664-99F1-B66B220A47E0}"
	ProjectSection(WebsiteProperties) = preProject
		TargetFrameworkMoniker = ".NETFramework,Version%3Dv4.5.2"
		Debug.AspNetCompiler.VirtualPath = "/localhost_59781"
		Debug.AspNetCompiler.PhysicalPath = "..\JS-SPA-ToDo\"
		Debug.AspNetCompiler.TargetPath = "PrecompiledWeb\localhost_59781\"
		Debug.AspNetCompiler.Updateable = "true"
		Debug.AspNetCompiler.ForceOverwrite = "true"
		Debug.AspNetCompiler.FixedNames = "false"
		Debug.AspNetCompiler.Debug = "True"
		Release.AspNetCompiler.VirtualPath = "/localhost_59781"
		Release.AspNetCompiler.PhysicalPath = "..\JS-SPA-ToDo\"
		Release.AspNetCompiler.TargetPath = "PrecompiledWeb\localhost_59781\"
		Release.AspNetCompiler.Updateable = "true"
		Release.AspNetCompiler.ForceOverwrite = "true"
		Release.AspNetCompiler.FixedNames = "false"
		Release.AspNetCompiler.Debug = "False"
		VWDPort = "59781"
		SlnRelativePath = "..\JS-SPA-ToDo\"
	EndProjectSection
EndProject
Global
	GlobalSection(SolutionConfigurationPlatforms) = preSolution
		Debug|Any CPU = Debug|Any CPU
	EndGlobalSection
	GlobalSection(ProjectConfigurationPlatforms) = postSolution
		{64CD0409-2657-4664-99F1-B66B220A47E0}.Debug|Any CPU.ActiveCfg = Debug|Any CPU
		{64CD0409-2657-4664-99F1-B66B220A47E0}.Debug|Any CPU.Build.0 = Debug|Any CPU
	EndGlobalSection
	GlobalSection(SolutionProperties) = preSolution
		HideSolutionNode = FALSE
	EndGlobalSection
EndGlobal
